
Microsoft Visual Studio Solution File, Format Version 12.00
# Visual Studio 15
VisualStudioVersion = 15.0.27428.2027
MinimumVisualStudioVersion = 10.0.40219.1
Project("{FAE04EC0-301F-11D3-BF4B-00C04F79EFBC}") = "02BasicSyntax", "02BasicSyntax\02BasicSyntax.csproj", "{D5E9E861-3410-4719-BA98-9D1237CC2EB6}"
EndProject
Global
	GlobalSection(SolutionConfigurationPlatforms) = preSolution
		Debug|Any CPU = Debug|Any CPU
		Release|Any CPU = Release|Any CPU
	EndGlobalSection
	GlobalSection(ProjectConfigurationPlatforms) = postSolution
		{D5E9E861-3410-4719-BA98-9D1237CC2EB6}.Debug|Any CPU.ActiveCfg = Debug|Any CPU
		{D5E9E861-3410-4719-BA98-9D1237CC2EB6}.Debug|Any CPU.Build.0 = Debug|Any CPU
		{D5E9E861-3410-4719-BA98-9D1237CC2EB6}.Release|Any CPU.ActiveCfg = Release|Any CPU
		{D5E9E861-3410-4719-BA98-9D1237CC2EB6}.Release|Any CPU.Build.0 = Release|Any CPU
	EndGlobalSection
	GlobalSection(SolutionProperties) = preSolution
		HideSolutionNode = FALSE
	EndGlobalSection
	GlobalSection(ExtensibilityGlobals) = postSolution
		SolutionGuid = {FB845C1D-D95B-43B7-B01F-A3D351E0A68B}
	EndGlobalSection
EndGlobal
