
Microsoft Visual Studio Solution File, Format Version 12.00
# Visual Studio 15
VisualStudioVersion = 15.0.27130.2027
MinimumVisualStudioVersion = 10.0.40219.1
Project("{FAE04EC0-301F-11D3-BF4B-00C04F79EFBC}") = "AdditionalTopics", "AdditionalTopics.csproj", "{9580E16E-6CD9-4723-A14E-B378AC1AF731}"
EndProject
Global
	GlobalSection(SolutionConfigurationPlatforms) = preSolution
		Debug|Any CPU = Debug|Any CPU
		Release|Any CPU = Release|Any CPU
	EndGlobalSection
	GlobalSection(ProjectConfigurationPlatforms) = postSolution
		{9580E16E-6CD9-4723-A14E-B378AC1AF731}.Debug|Any CPU.ActiveCfg = Debug|Any CPU
		{9580E16E-6CD9-4723-A14E-B378AC1AF731}.Debug|Any CPU.Build.0 = Debug|Any CPU
		{9580E16E-6CD9-4723-A14E-B378AC1AF731}.Release|Any CPU.ActiveCfg = Release|Any CPU
		{9580E16E-6CD9-4723-A14E-B378AC1AF731}.Release|Any CPU.Build.0 = Release|Any CPU
	EndGlobalSection
	GlobalSection(SolutionProperties) = preSolution
		HideSolutionNode = FALSE
	EndGlobalSection
	GlobalSection(ExtensibilityGlobals) = postSolution
		SolutionGuid = {57BF9A56-37FE-40AA-84DE-6E4183E118DD}
	EndGlobalSection
EndGlobal
