
Microsoft Visual Studio Solution File, Format Version 12.00
# Visual Studio 15
VisualStudioVersion = 15.0.27130.2027
MinimumVisualStudioVersion = 10.0.40219.1
Project("{FAE04EC0-301F-11D3-BF4B-00C04F79EFBC}") = "02BasicSyntax", "02BasicSyntax\02BasicSyntax.csproj", "{D5E9E861-3410-4719-BA98-9D1237CC2EB6}"
EndProject
Project("{FAE04EC0-301F-11D3-BF4B-00C04F79EFBC}") = "03CSLang", "03CSLang\03CSLang.csproj", "{B51431B0-0FAC-440B-A611-EF715668AB3C}"
EndProject
Project("{FAE04EC0-301F-11D3-BF4B-00C04F79EFBC}") = "04Methods", "04Methods\04Methods.csproj", "{F41C61EC-138B-4C92-96B3-8D72968B1288}"
EndProject
Project("{FAE04EC0-301F-11D3-BF4B-00C04F79EFBC}") = "05Delegates", "05Delegates\05Delegates.csproj", "{E35E3503-09B2-46BB-8DF0-558BACB9AD89}"
EndProject
Project("{FAE04EC0-301F-11D3-BF4B-00C04F79EFBC}") = "08Inheritance", "08Inheritance\08Inheritance.csproj", "{6DF5A236-B9C4-49B3-9992-57ED75939871}"
EndProject
Project("{FAE04EC0-301F-11D3-BF4B-00C04F79EFBC}") = "09Linq", "09Linq\09Linq.csproj", "{75E7AF42-8F33-4AD6-83F7-9254BABF4F41}"
EndProject
Project("{FAE04EC0-301F-11D3-BF4B-00C04F79EFBC}") = "01LibraryClient", "01LibraryClient\01LibraryClient.csproj", "{5F8650F3-AFFB-4E80-8317-162F3E95AD95}"
EndProject
Project("{FAE04EC0-301F-11D3-BF4B-00C04F79EFBC}") = "10LazyDefault", "10LazyDefault\10LazyDefault.csproj", "{9580E16E-6CD9-4723-A14E-B378AC1AF731}"
EndProject
Project("{FAE04EC0-301F-11D3-BF4B-00C04F79EFBC}") = "11StringOperations", "11StringOperations\11StringOperations.csproj", "{AE3B8556-44A7-4572-9D2E-9A38CDD1ECB6}"
EndProject
Project("{FAE04EC0-301F-11D3-BF4B-00C04F79EFBC}") = "06ArraysCollection", "06ArraysCollection\06ArraysCollection.csproj", "{D895C4F8-6CE0-4502-B3BF-D040DDFDA815}"
EndProject
Project("{FAE04EC0-301F-11D3-BF4B-00C04F79EFBC}") = "07TypeDefinitions", "07TypeDefinitions\07TypeDefinitions.csproj", "{3379D641-9AE9-41A0-8AE7-4B43329EAAB8}"
EndProject
Project("{FAE04EC0-301F-11D3-BF4B-00C04F79EFBC}") = "00ToolsLibrary", "00ToolsLibrary\00ToolsLibrary.csproj", "{244A86C8-436A-49A8-9C8E-BA22D3E819FA}"
EndProject
Project("{2150E333-8FDC-42A3-9474-1A3956D46DE8}") = "12UnitTests", "12UnitTests", "{2B38629E-B1F7-49B2-8DCF-F19E543BA0C1}"
EndProject
Project("{FAE04EC0-301F-11D3-BF4B-00C04F79EFBC}") = "12ConferenceRoomsLibrary", "12ConferenceRoomsLibrary\12ConferenceRoomsLibrary.csproj", "{4D06860A-7280-4ECF-815B-F0234A82E271}"
EndProject
Project("{FAE04EC0-301F-11D3-BF4B-00C04F79EFBC}") = "12ConferenceRoomsLibraryTests", "12ConferenceRoomsLibraryTests\12ConferenceRoomsLibraryTests.csproj", "{59708A99-BB78-4548-8464-0041881550DB}"
EndProject
Project("{FAE04EC0-301F-11D3-BF4B-00C04F79EFBC}") = "14Singleton", "14Singleton\14Singleton.csproj", "{4CA240FB-1DCC-4999-ACDC-E36606FEB3BC}"
EndProject
Global
	GlobalSection(SolutionConfigurationPlatforms) = preSolution
		Debug|Any CPU = Debug|Any CPU
		Release|Any CPU = Release|Any CPU
	EndGlobalSection
	GlobalSection(ProjectConfigurationPlatforms) = postSolution
		{D5E9E861-3410-4719-BA98-9D1237CC2EB6}.Debug|Any CPU.ActiveCfg = Debug|Any CPU
		{D5E9E861-3410-4719-BA98-9D1237CC2EB6}.Debug|Any CPU.Build.0 = Debug|Any CPU
		{D5E9E861-3410-4719-BA98-9D1237CC2EB6}.Release|Any CPU.ActiveCfg = Release|Any CPU
		{D5E9E861-3410-4719-BA98-9D1237CC2EB6}.Release|Any CPU.Build.0 = Release|Any CPU
		{B51431B0-0FAC-440B-A611-EF715668AB3C}.Debug|Any CPU.ActiveCfg = Debug|Any CPU
		{B51431B0-0FAC-440B-A611-EF715668AB3C}.Debug|Any CPU.Build.0 = Debug|Any CPU
		{B51431B0-0FAC-440B-A611-EF715668AB3C}.Release|Any CPU.ActiveCfg = Release|Any CPU
		{B51431B0-0FAC-440B-A611-EF715668AB3C}.Release|Any CPU.Build.0 = Release|Any CPU
		{F41C61EC-138B-4C92-96B3-8D72968B1288}.Debug|Any CPU.ActiveCfg = Debug|Any CPU
		{F41C61EC-138B-4C92-96B3-8D72968B1288}.Debug|Any CPU.Build.0 = Debug|Any CPU
		{F41C61EC-138B-4C92-96B3-8D72968B1288}.Release|Any CPU.ActiveCfg = Release|Any CPU
		{F41C61EC-138B-4C92-96B3-8D72968B1288}.Release|Any CPU.Build.0 = Release|Any CPU
		{E35E3503-09B2-46BB-8DF0-558BACB9AD89}.Debug|Any CPU.ActiveCfg = Debug|Any CPU
		{E35E3503-09B2-46BB-8DF0-558BACB9AD89}.Debug|Any CPU.Build.0 = Debug|Any CPU
		{E35E3503-09B2-46BB-8DF0-558BACB9AD89}.Release|Any CPU.ActiveCfg = Release|Any CPU
		{E35E3503-09B2-46BB-8DF0-558BACB9AD89}.Release|Any CPU.Build.0 = Release|Any CPU
		{6DF5A236-B9C4-49B3-9992-57ED75939871}.Debug|Any CPU.ActiveCfg = Debug|Any CPU
		{6DF5A236-B9C4-49B3-9992-57ED75939871}.Debug|Any CPU.Build.0 = Debug|Any CPU
		{6DF5A236-B9C4-49B3-9992-57ED75939871}.Release|Any CPU.ActiveCfg = Release|Any CPU
		{6DF5A236-B9C4-49B3-9992-57ED75939871}.Release|Any CPU.Build.0 = Release|Any CPU
		{75E7AF42-8F33-4AD6-83F7-9254BABF4F41}.Debug|Any CPU.ActiveCfg = Debug|Any CPU
		{75E7AF42-8F33-4AD6-83F7-9254BABF4F41}.Debug|Any CPU.Build.0 = Debug|Any CPU
		{75E7AF42-8F33-4AD6-83F7-9254BABF4F41}.Release|Any CPU.ActiveCfg = Release|Any CPU
		{75E7AF42-8F33-4AD6-83F7-9254BABF4F41}.Release|Any CPU.Build.0 = Release|Any CPU
		{5F8650F3-AFFB-4E80-8317-162F3E95AD95}.Debug|Any CPU.ActiveCfg = Debug|Any CPU
		{5F8650F3-AFFB-4E80-8317-162F3E95AD95}.Debug|Any CPU.Build.0 = Debug|Any CPU
		{5F8650F3-AFFB-4E80-8317-162F3E95AD95}.Release|Any CPU.ActiveCfg = Release|Any CPU
		{5F8650F3-AFFB-4E80-8317-162F3E95AD95}.Release|Any CPU.Build.0 = Release|Any CPU
		{9580E16E-6CD9-4723-A14E-B378AC1AF731}.Debug|Any CPU.ActiveCfg = Debug|Any CPU
		{9580E16E-6CD9-4723-A14E-B378AC1AF731}.Debug|Any CPU.Build.0 = Debug|Any CPU
		{9580E16E-6CD9-4723-A14E-B378AC1AF731}.Release|Any CPU.ActiveCfg = Release|Any CPU
		{9580E16E-6CD9-4723-A14E-B378AC1AF731}.Release|Any CPU.Build.0 = Release|Any CPU
		{AE3B8556-44A7-4572-9D2E-9A38CDD1ECB6}.Debug|Any CPU.ActiveCfg = Debug|Any CPU
		{AE3B8556-44A7-4572-9D2E-9A38CDD1ECB6}.Debug|Any CPU.Build.0 = Debug|Any CPU
		{AE3B8556-44A7-4572-9D2E-9A38CDD1ECB6}.Release|Any CPU.ActiveCfg = Release|Any CPU
		{AE3B8556-44A7-4572-9D2E-9A38CDD1ECB6}.Release|Any CPU.Build.0 = Release|Any CPU
		{D895C4F8-6CE0-4502-B3BF-D040DDFDA815}.Debug|Any CPU.ActiveCfg = Debug|Any CPU
		{D895C4F8-6CE0-4502-B3BF-D040DDFDA815}.Debug|Any CPU.Build.0 = Debug|Any CPU
		{D895C4F8-6CE0-4502-B3BF-D040DDFDA815}.Release|Any CPU.ActiveCfg = Release|Any CPU
		{D895C4F8-6CE0-4502-B3BF-D040DDFDA815}.Release|Any CPU.Build.0 = Release|Any CPU
		{3379D641-9AE9-41A0-8AE7-4B43329EAAB8}.Debug|Any CPU.ActiveCfg = Debug|Any CPU
		{3379D641-9AE9-41A0-8AE7-4B43329EAAB8}.Debug|Any CPU.Build.0 = Debug|Any CPU
		{3379D641-9AE9-41A0-8AE7-4B43329EAAB8}.Release|Any CPU.ActiveCfg = Release|Any CPU
		{3379D641-9AE9-41A0-8AE7-4B43329EAAB8}.Release|Any CPU.Build.0 = Release|Any CPU
		{244A86C8-436A-49A8-9C8E-BA22D3E819FA}.Debug|Any CPU.ActiveCfg = Debug|Any CPU
		{244A86C8-436A-49A8-9C8E-BA22D3E819FA}.Debug|Any CPU.Build.0 = Debug|Any CPU
		{244A86C8-436A-49A8-9C8E-BA22D3E819FA}.Release|Any CPU.ActiveCfg = Release|Any CPU
		{244A86C8-436A-49A8-9C8E-BA22D3E819FA}.Release|Any CPU.Build.0 = Release|Any CPU
		{4D06860A-7280-4ECF-815B-F0234A82E271}.Debug|Any CPU.ActiveCfg = Debug|Any CPU
		{4D06860A-7280-4ECF-815B-F0234A82E271}.Debug|Any CPU.Build.0 = Debug|Any CPU
		{4D06860A-7280-4ECF-815B-F0234A82E271}.Release|Any CPU.ActiveCfg = Release|Any CPU
		{4D06860A-7280-4ECF-815B-F0234A82E271}.Release|Any CPU.Build.0 = Release|Any CPU
		{59708A99-BB78-4548-8464-0041881550DB}.Debug|Any CPU.ActiveCfg = Debug|Any CPU
		{59708A99-BB78-4548-8464-0041881550DB}.Debug|Any CPU.Build.0 = Debug|Any CPU
		{59708A99-BB78-4548-8464-0041881550DB}.Release|Any CPU.ActiveCfg = Release|Any CPU
		{59708A99-BB78-4548-8464-0041881550DB}.Release|Any CPU.Build.0 = Release|Any CPU
		{4CA240FB-1DCC-4999-ACDC-E36606FEB3BC}.Debug|Any CPU.ActiveCfg = Debug|Any CPU
		{4CA240FB-1DCC-4999-ACDC-E36606FEB3BC}.Debug|Any CPU.Build.0 = Debug|Any CPU
		{4CA240FB-1DCC-4999-ACDC-E36606FEB3BC}.Release|Any CPU.ActiveCfg = Release|Any CPU
		{4CA240FB-1DCC-4999-ACDC-E36606FEB3BC}.Release|Any CPU.Build.0 = Release|Any CPU
	EndGlobalSection
	GlobalSection(SolutionProperties) = preSolution
		HideSolutionNode = FALSE
	EndGlobalSection
	GlobalSection(NestedProjects) = preSolution
		{4D06860A-7280-4ECF-815B-F0234A82E271} = {2B38629E-B1F7-49B2-8DCF-F19E543BA0C1}
		{59708A99-BB78-4548-8464-0041881550DB} = {2B38629E-B1F7-49B2-8DCF-F19E543BA0C1}
	EndGlobalSection
	GlobalSection(ExtensibilityGlobals) = postSolution
		SolutionGuid = {FB845C1D-D95B-43B7-B01F-A3D351E0A68B}
	EndGlobalSection
EndGlobal
